// !$*UTF8*$!
{
	archiveVersion = 1;
	classes = {
	};
	objectVersion = 56;
	objects = {

/* Begin PBXBuildFile section */
		8105AC342B582EE800566EA5 /* AppDelegate.swift in Sources */ = {isa = PBXBuildFile; fileRef = 8105AC332B582EE800566EA5 /* AppDelegate.swift */; };
		8105AC362B582EE800566EA5 /* SceneDelegate.swift in Sources */ = {isa = PBXBuildFile; fileRef = 8105AC352B582EE800566EA5 /* SceneDelegate.swift */; };
		8105AC382B582EE800566EA5 /* BudgetCategoriesTableViewController.swift in Sources */ = {isa = PBXBuildFile; fileRef = 8105AC372B582EE800566EA5 /* BudgetCategoriesTableViewController.swift */; };
		8105AC3B2B582EE800566EA5 /* Main.storyboard in Resources */ = {isa = PBXBuildFile; fileRef = 8105AC392B582EE800566EA5 /* Main.storyboard */; };
		8105AC3D2B582EE900566EA5 /* Assets.xcassets in Resources */ = {isa = PBXBuildFile; fileRef = 8105AC3C2B582EE900566EA5 /* Assets.xcassets */; };
		8105AC402B582EE900566EA5 /* LaunchScreen.storyboard in Resources */ = {isa = PBXBuildFile; fileRef = 8105AC3E2B582EE900566EA5 /* LaunchScreen.storyboard */; };
		8105AC4C2B58345400566EA5 /* BudgetModel.xcdatamodeld in Sources */ = {isa = PBXBuildFile; fileRef = 8105AC4A2B58345400566EA5 /* BudgetModel.xcdatamodeld */; };
		810676132B64AFB10077E84A /* Constant.swift in Sources */ = {isa = PBXBuildFile; fileRef = 810676122B64AFB10077E84A /* Constant.swift */; };
		810676162B64CEB60077E84A /* BudgetDetailViewController.swift in Sources */ = {isa = PBXBuildFile; fileRef = 810676152B64CEB60077E84A /* BudgetDetailViewController.swift */; };
		810676182B64FB440077E84A /* Double+Extension.swift in Sources */ = {isa = PBXBuildFile; fileRef = 810676172B64FB440077E84A /* Double+Extension.swift */; };
		8106761B2B6552DA0077E84A /* BudgetCategoryTableViewCell.swift in Sources */ = {isa = PBXBuildFile; fileRef = 8106761A2B6552DA0077E84A /* BudgetCategoryTableViewCell.swift */; };
		8117FC3C2B5C275700E17195 /* String+Extension.swift in Sources */ = {isa = PBXBuildFile; fileRef = 8117FC3B2B5C275700E17195 /* String+Extension.swift */; };
		811E0DA62B6574E500E26D0F /* BudgetCategory+CoreDataClass.swift in Sources */ = {isa = PBXBuildFile; fileRef = 811E0DA52B6574E500E26D0F /* BudgetCategory+CoreDataClass.swift */; };
		811E0DA92B65767800E26D0F /* NSSet+Extension.swift in Sources */ = {isa = PBXBuildFile; fileRef = 811E0DA82B65767800E26D0F /* NSSet+Extension.swift */; };
		81ACA6072B5BB85000CE3273 /* AddBudgetCategoryViewController.swift in Sources */ = {isa = PBXBuildFile; fileRef = 81ACA6062B5BB85000CE3273 /* AddBudgetCategoryViewController.swift */; };
/* End PBXBuildFile section */

/* Begin PBXFileReference section */
		8105AC302B582EE800566EA5 /* Budget-App.app */ = {isa = PBXFileReference; explicitFileType = wrapper.application; includeInIndex = 0; path = "Budget-App.app"; sourceTree = BUILT_PRODUCTS_DIR; };
		8105AC332B582EE800566EA5 /* AppDelegate.swift */ = {isa = PBXFileReference; lastKnownFileType = sourcecode.swift; path = AppDelegate.swift; sourceTree = "<group>"; };
		8105AC352B582EE800566EA5 /* SceneDelegate.swift */ = {isa = PBXFileReference; lastKnownFileType = sourcecode.swift; path = SceneDelegate.swift; sourceTree = "<group>"; };
		8105AC372B582EE800566EA5 /* BudgetCategoriesTableViewController.swift */ = {isa = PBXFileReference; lastKnownFileType = sourcecode.swift; path = BudgetCategoriesTableViewController.swift; sourceTree = "<group>"; };
		8105AC3A2B582EE800566EA5 /* Base */ = {isa = PBXFileReference; lastKnownFileType = file.storyboard; name = Base; path = Base.lproj/Main.storyboard; sourceTree = "<group>"; };
		8105AC3C2B582EE900566EA5 /* Assets.xcassets */ = {isa = PBXFileReference; lastKnownFileType = folder.assetcatalog; path = Assets.xcassets; sourceTree = "<group>"; };
		8105AC3F2B582EE900566EA5 /* Base */ = {isa = PBXFileReference; lastKnownFileType = file.storyboard; name = Base; path = Base.lproj/LaunchScreen.storyboard; sourceTree = "<group>"; };
		8105AC412B582EE900566EA5 /* Info.plist */ = {isa = PBXFileReference; lastKnownFileType = text.plist.xml; path = Info.plist; sourceTree = "<group>"; };
		8105AC4B2B58345400566EA5 /* BudgetModel.xcdatamodel */ = {isa = PBXFileReference; lastKnownFileType = wrapper.xcdatamodel; path = BudgetModel.xcdatamodel; sourceTree = "<group>"; };
		810676122B64AFB10077E84A /* Constant.swift */ = {isa = PBXFileReference; lastKnownFileType = sourcecode.swift; path = Constant.swift; sourceTree = "<group>"; };
		810676152B64CEB60077E84A /* BudgetDetailViewController.swift */ = {isa = PBXFileReference; lastKnownFileType = sourcecode.swift; path = BudgetDetailViewController.swift; sourceTree = "<group>"; };
		810676172B64FB440077E84A /* Double+Extension.swift */ = {isa = PBXFileReference; lastKnownFileType = sourcecode.swift; path = "Double+Extension.swift"; sourceTree = "<group>"; };
		8106761A2B6552DA0077E84A /* BudgetCategoryTableViewCell.swift */ = {isa = PBXFileReference; lastKnownFileType = sourcecode.swift; path = BudgetCategoryTableViewCell.swift; sourceTree = "<group>"; };
		8117FC3B2B5C275700E17195 /* String+Extension.swift */ = {isa = PBXFileReference; lastKnownFileType = sourcecode.swift; path = "String+Extension.swift"; sourceTree = "<group>"; };
		811E0DA52B6574E500E26D0F /* BudgetCategory+CoreDataClass.swift */ = {isa = PBXFileReference; lastKnownFileType = sourcecode.swift; path = "BudgetCategory+CoreDataClass.swift"; sourceTree = "<group>"; };
		811E0DA82B65767800E26D0F /* NSSet+Extension.swift */ = {isa = PBXFileReference; lastKnownFileType = sourcecode.swift; path = "NSSet+Extension.swift"; sourceTree = "<group>"; };
		81ACA6062B5BB85000CE3273 /* AddBudgetCategoryViewController.swift */ = {isa = PBXFileReference; lastKnownFileType = sourcecode.swift; path = AddBudgetCategoryViewController.swift; sourceTree = "<group>"; };
/* End PBXFileReference section */

/* Begin PBXFrameworksBuildPhase section */
		8105AC2D2B582EE800566EA5 /* Frameworks */ = {
			isa = PBXFrameworksBuildPhase;
			buildActionMask = 2147483647;
			files = (
			);
			runOnlyForDeploymentPostprocessing = 0;
		};
/* End PBXFrameworksBuildPhase section */

/* Begin PBXGroup section */
		8105AC272B582EE800566EA5 = {
			isa = PBXGroup;
			children = (
				8105AC322B582EE800566EA5 /* Budget-App */,
				8105AC312B582EE800566EA5 /* Products */,
			);
			sourceTree = "<group>";
		};
		8105AC312B582EE800566EA5 /* Products */ = {
			isa = PBXGroup;
			children = (
				8105AC302B582EE800566EA5 /* Budget-App.app */,
			);
			name = Products;
			sourceTree = "<group>";
		};
		8105AC322B582EE800566EA5 /* Budget-App */ = {
			isa = PBXGroup;
			children = (
				8105AC472B58302600566EA5 /* Application */,
				8105AC482B58303E00566EA5 /* Controller */,
				810676192B6552BB0077E84A /* Cells */,
				8105AC4D2B583CF400566EA5 /* Core Data */,
				810676112B64AF8A0077E84A /* Helpers */,
				8105AC492B58306B00566EA5 /* Supporting Files */,
			);
			path = "Budget-App";
			sourceTree = "<group>";
		};
		8105AC472B58302600566EA5 /* Application */ = {
			isa = PBXGroup;
			children = (
				8105AC332B582EE800566EA5 /* AppDelegate.swift */,
				8105AC352B582EE800566EA5 /* SceneDelegate.swift */,
			);
			path = Application;
			sourceTree = "<group>";
		};
		8105AC482B58303E00566EA5 /* Controller */ = {
			isa = PBXGroup;
			children = (
				8105AC372B582EE800566EA5 /* BudgetCategoriesTableViewController.swift */,
				81ACA6062B5BB85000CE3273 /* AddBudgetCategoryViewController.swift */,
				810676152B64CEB60077E84A /* BudgetDetailViewController.swift */,
			);
			path = Controller;
			sourceTree = "<group>";
		};
		8105AC492B58306B00566EA5 /* Supporting Files */ = {
			isa = PBXGroup;
			children = (
				8105AC392B582EE800566EA5 /* Main.storyboard */,
				8105AC3C2B582EE900566EA5 /* Assets.xcassets */,
				8105AC3E2B582EE900566EA5 /* LaunchScreen.storyboard */,
				8105AC412B582EE900566EA5 /* Info.plist */,
			);
			path = "Supporting Files";
			sourceTree = "<group>";
		};
		8105AC4D2B583CF400566EA5 /* Core Data */ = {
			isa = PBXGroup;
			children = (
				8105AC4A2B58345400566EA5 /* BudgetModel.xcdatamodeld */,
				811E0DA72B6574E900E26D0F /* Model */,
			);
			path = "Core Data";
			sourceTree = "<group>";
		};
		810676112B64AF8A0077E84A /* Helpers */ = {
			isa = PBXGroup;
			children = (
				8117FC3A2B5C274000E17195 /* Extension */,
				810676142B64CC460077E84A /* Constant */,
			);
			path = Helpers;
			sourceTree = "<group>";
		};
		810676142B64CC460077E84A /* Constant */ = {
			isa = PBXGroup;
			children = (
				810676122B64AFB10077E84A /* Constant.swift */,
			);
			path = Constant;
			sourceTree = "<group>";
		};
		810676192B6552BB0077E84A /* Cells */ = {
			isa = PBXGroup;
			children = (
				8106761A2B6552DA0077E84A /* BudgetCategoryTableViewCell.swift */,
			);
			path = Cells;
			sourceTree = "<group>";
		};
		8117FC3A2B5C274000E17195 /* Extension */ = {
			isa = PBXGroup;
			children = (
				8117FC3B2B5C275700E17195 /* String+Extension.swift */,
				810676172B64FB440077E84A /* Double+Extension.swift */,
				811E0DA82B65767800E26D0F /* NSSet+Extension.swift */,
			);
			path = Extension;
			sourceTree = "<group>";
		};
		811E0DA72B6574E900E26D0F /* Model */ = {
			isa = PBXGroup;
			children = (
				811E0DA52B6574E500E26D0F /* BudgetCategory+CoreDataClass.swift */,
			);
			path = Model;
			sourceTree = "<group>";
		};
/* End PBXGroup section */

/* Begin PBXNativeTarget section */
		8105AC2F2B582EE800566EA5 /* Budget-App */ = {
			isa = PBXNativeTarget;
			buildConfigurationList = 8105AC442B582EE900566EA5 /* Build configuration list for PBXNativeTarget "Budget-App" */;
			buildPhases = (
				8105AC2C2B582EE800566EA5 /* Sources */,
				8105AC2D2B582EE800566EA5 /* Frameworks */,
				8105AC2E2B582EE800566EA5 /* Resources */,
			);
			buildRules = (
			);
			dependencies = (
			);
			name = "Budget-App";
			productName = "Budget-App";
			productReference = 8105AC302B582EE800566EA5 /* Budget-App.app */;
			productType = "com.apple.product-type.application";
		};
/* End PBXNativeTarget section */

/* Begin PBXProject section */
		8105AC282B582EE800566EA5 /* Project object */ = {
			isa = PBXProject;
			attributes = {
				BuildIndependentTargetsInParallel = 1;
				LastSwiftUpdateCheck = 1500;
				LastUpgradeCheck = 1500;
				TargetAttributes = {
					8105AC2F2B582EE800566EA5 = {
						CreatedOnToolsVersion = 15.0.1;
					};
				};
			};
			buildConfigurationList = 8105AC2B2B582EE800566EA5 /* Build configuration list for PBXProject "Budget-App" */;
			compatibilityVersion = "Xcode 14.0";
			developmentRegion = en;
			hasScannedForEncodings = 0;
			knownRegions = (
				en,
				Base,
			);
			mainGroup = 8105AC272B582EE800566EA5;
			productRefGroup = 8105AC312B582EE800566EA5 /* Products */;
			projectDirPath = "";
			projectRoot = "";
			targets = (
				8105AC2F2B582EE800566EA5 /* Budget-App */,
			);
		};
/* End PBXProject section */

/* Begin PBXResourcesBuildPhase section */
		8105AC2E2B582EE800566EA5 /* Resources */ = {
			isa = PBXResourcesBuildPhase;
			buildActionMask = 2147483647;
			files = (
				8105AC402B582EE900566EA5 /* LaunchScreen.storyboard in Resources */,
				8105AC3D2B582EE900566EA5 /* Assets.xcassets in Resources */,
				8105AC3B2B582EE800566EA5 /* Main.storyboard in Resources */,
			);
			runOnlyForDeploymentPostprocessing = 0;
		};
/* End PBXResourcesBuildPhase section */

/* Begin PBXSourcesBuildPhase section */
		8105AC2C2B582EE800566EA5 /* Sources */ = {
			isa = PBXSourcesBuildPhase;
			buildActionMask = 2147483647;
			files = (
				810676132B64AFB10077E84A /* Constant.swift in Sources */,
				8105AC4C2B58345400566EA5 /* BudgetModel.xcdatamodeld in Sources */,
				811E0DA62B6574E500E26D0F /* BudgetCategory+CoreDataClass.swift in Sources */,
				810676182B64FB440077E84A /* Double+Extension.swift in Sources */,
				8105AC382B582EE800566EA5 /* BudgetCategoriesTableViewController.swift in Sources */,
				8105AC342B582EE800566EA5 /* AppDelegate.swift in Sources */,
				810676162B64CEB60077E84A /* BudgetDetailViewController.swift in Sources */,
				8106761B2B6552DA0077E84A /* BudgetCategoryTableViewCell.swift in Sources */,
				8117FC3C2B5C275700E17195 /* String+Extension.swift in Sources */,
				811E0DA92B65767800E26D0F /* NSSet+Extension.swift in Sources */,
				81ACA6072B5BB85000CE3273 /* AddBudgetCategoryViewController.swift in Sources */,
				8105AC362B582EE800566EA5 /* SceneDelegate.swift in Sources */,
			);
			runOnlyForDeploymentPostprocessing = 0;
		};
/* End PBXSourcesBuildPhase section */

/* Begin PBXVariantGroup section */
		8105AC392B582EE800566EA5 /* Main.storyboard */ = {
			isa = PBXVariantGroup;
			children = (
				8105AC3A2B582EE800566EA5 /* Base */,
			);
			name = Main.storyboard;
			sourceTree = "<group>";
		};
		8105AC3E2B582EE900566EA5 /* LaunchScreen.storyboard */ = {
			isa = PBXVariantGroup;
			children = (
				8105AC3F2B582EE900566EA5 /* Base */,
			);
			name = LaunchScreen.storyboard;
			sourceTree = "<group>";
		};
/* End PBXVariantGroup section */

/* Begin XCBuildConfiguration section */
		8105AC422B582EE900566EA5 /* Debug */ = {
			isa = XCBuildConfiguration;
			buildSettings = {
				ALWAYS_SEARCH_USER_PATHS = NO;
				ASSETCATALOG_COMPILER_GENERATE_SWIFT_ASSET_SYMBOL_EXTENSIONS = YES;
				CLANG_ANALYZER_NONNULL = YES;
				CLANG_ANALYZER_NUMBER_OBJECT_CONVERSION = YES_AGGRESSIVE;
				CLANG_CXX_LANGUAGE_STANDARD = "gnu++20";
				CLANG_ENABLE_MODULES = YES;
				CLANG_ENABLE_OBJC_ARC = YES;
				CLANG_ENABLE_OBJC_WEAK = YES;
				CLANG_WARN_BLOCK_CAPTURE_AUTORELEASING = YES;
				CLANG_WARN_BOOL_CONVERSION = YES;
				CLANG_WARN_COMMA = YES;
				CLANG_WARN_CONSTANT_CONVERSION = YES;
				CLANG_WARN_DEPRECATED_OBJC_IMPLEMENTATIONS = YES;
				CLANG_WARN_DIRECT_OBJC_ISA_USAGE = YES_ERROR;
				CLANG_WARN_DOCUMENTATION_COMMENTS = YES;
				CLANG_WARN_EMPTY_BODY = YES;
				CLANG_WARN_ENUM_CONVERSION = YES;
				CLANG_WARN_INFINITE_RECURSION = YES;
				CLANG_WARN_INT_CONVERSION = YES;
				CLANG_WARN_NON_LITERAL_NULL_CONVERSION = YES;
				CLANG_WARN_OBJC_IMPLICIT_RETAIN_SELF = YES;
				CLANG_WARN_OBJC_LITERAL_CONVERSION = YES;
				CLANG_WARN_OBJC_ROOT_CLASS = YES_ERROR;
				CLANG_WARN_QUOTED_INCLUDE_IN_FRAMEWORK_HEADER = YES;
				CLANG_WARN_RANGE_LOOP_ANALYSIS = YES;
				CLANG_WARN_STRICT_PROTOTYPES = YES;
				CLANG_WARN_SUSPICIOUS_MOVE = YES;
				CLANG_WARN_UNGUARDED_AVAILABILITY = YES_AGGRESSIVE;
				CLANG_WARN_UNREACHABLE_CODE = YES;
				CLANG_WARN__DUPLICATE_METHOD_MATCH = YES;
				COPY_PHASE_STRIP = NO;
				DEBUG_INFORMATION_FORMAT = dwarf;
				ENABLE_STRICT_OBJC_MSGSEND = YES;
				ENABLE_TESTABILITY = YES;
				ENABLE_USER_SCRIPT_SANDBOXING = YES;
				GCC_C_LANGUAGE_STANDARD = gnu17;
				GCC_DYNAMIC_NO_PIC = NO;
				GCC_NO_COMMON_BLOCKS = YES;
				GCC_OPTIMIZATION_LEVEL = 0;
				GCC_PREPROCESSOR_DEFINITIONS = (
					"DEBUG=1",
					"$(inherited)",
				);
				GCC_WARN_64_TO_32_BIT_CONVERSION = YES;
				GCC_WARN_ABOUT_RETURN_TYPE = YES_ERROR;
				GCC_WARN_UNDECLARED_SELECTOR = YES;
				GCC_WARN_UNINITIALIZED_AUTOS = YES_AGGRESSIVE;
				GCC_WARN_UNUSED_FUNCTION = YES;
				GCC_WARN_UNUSED_VARIABLE = YES;
				IPHONEOS_DEPLOYMENT_TARGET = 17.0;
				LOCALIZATION_PREFERS_STRING_CATALOGS = YES;
				MTL_ENABLE_DEBUG_INFO = INCLUDE_SOURCE;
				MTL_FAST_MATH = YES;
				ONLY_ACTIVE_ARCH = YES;
				SDKROOT = iphoneos;
				SWIFT_ACTIVE_COMPILATION_CONDITIONS = "DEBUG $(inherited)";
				SWIFT_OPTIMIZATION_LEVEL = "-Onone";
			};
			name = Debug;
		};
		8105AC432B582EE900566EA5 /* Release */ = {
			isa = XCBuildConfiguration;
			buildSettings = {
				ALWAYS_SEARCH_USER_PATHS = NO;
				ASSETCATALOG_COMPILER_GENERATE_SWIFT_ASSET_SYMBOL_EXTENSIONS = YES;
				CLANG_ANALYZER_NONNULL = YES;
				CLANG_ANALYZER_NUMBER_OBJECT_CONVERSION = YES_AGGRESSIVE;
				CLANG_CXX_LANGUAGE_STANDARD = "gnu++20";
				CLANG_ENABLE_MODULES = YES;
				CLANG_ENABLE_OBJC_ARC = YES;
				CLANG_ENABLE_OBJC_WEAK = YES;
				CLANG_WARN_BLOCK_CAPTURE_AUTORELEASING = YES;
				CLANG_WARN_BOOL_CONVERSION = YES;
				CLANG_WARN_COMMA = YES;
				CLANG_WARN_CONSTANT_CONVERSION = YES;
				CLANG_WARN_DEPRECATED_OBJC_IMPLEMENTATIONS = YES;
				CLANG_WARN_DIRECT_OBJC_ISA_USAGE = YES_ERROR;
				CLANG_WARN_DOCUMENTATION_COMMENTS = YES;
				CLANG_WARN_EMPTY_BODY = YES;
				CLANG_WARN_ENUM_CONVERSION = YES;
				CLANG_WARN_INFINITE_RECURSION = YES;
				CLANG_WARN_INT_CONVERSION = YES;
				CLANG_WARN_NON_LITERAL_NULL_CONVERSION = YES;
				CLANG_WARN_OBJC_IMPLICIT_RETAIN_SELF = YES;
				CLANG_WARN_OBJC_LITERAL_CONVERSION = YES;
				CLANG_WARN_OBJC_ROOT_CLASS = YES_ERROR;
				CLANG_WARN_QUOTED_INCLUDE_IN_FRAMEWORK_HEADER = YES;
				CLANG_WARN_RANGE_LOOP_ANALYSIS = YES;
				CLANG_WARN_STRICT_PROTOTYPES = YES;
				CLANG_WARN_SUSPICIOUS_MOVE = YES;
				CLANG_WARN_UNGUARDED_AVAILABILITY = YES_AGGRESSIVE;
				CLANG_WARN_UNREACHABLE_CODE = YES;
				CLANG_WARN__DUPLICATE_METHOD_MATCH = YES;
				COPY_PHASE_STRIP = NO;
				DEBUG_INFORMATION_FORMAT = "dwarf-with-dsym";
				ENABLE_NS_ASSERTIONS = NO;
				ENABLE_STRICT_OBJC_MSGSEND = YES;
				ENABLE_USER_SCRIPT_SANDBOXING = YES;
				GCC_C_LANGUAGE_STANDARD = gnu17;
				GCC_NO_COMMON_BLOCKS = YES;
				GCC_WARN_64_TO_32_BIT_CONVERSION = YES;
				GCC_WARN_ABOUT_RETURN_TYPE = YES_ERROR;
				GCC_WARN_UNDECLARED_SELECTOR = YES;
				GCC_WARN_UNINITIALIZED_AUTOS = YES_AGGRESSIVE;
				GCC_WARN_UNUSED_FUNCTION = YES;
				GCC_WARN_UNUSED_VARIABLE = YES;
				IPHONEOS_DEPLOYMENT_TARGET = 17.0;
				LOCALIZATION_PREFERS_STRING_CATALOGS = YES;
				MTL_ENABLE_DEBUG_INFO = NO;
				MTL_FAST_MATH = YES;
				SDKROOT = iphoneos;
				SWIFT_COMPILATION_MODE = wholemodule;
				VALIDATE_PRODUCT = YES;
			};
			name = Release;
		};
		8105AC452B582EE900566EA5 /* Debug */ = {
			isa = XCBuildConfiguration;
			buildSettings = {
				ASSETCATALOG_COMPILER_APPICON_NAME = AppIcon;
				ASSETCATALOG_COMPILER_GLOBAL_ACCENT_COLOR_NAME = AccentColor;
				CODE_SIGN_STYLE = Automatic;
				CURRENT_PROJECT_VERSION = 1;
				DEVELOPMENT_TEAM = 4CJW76Y9FL;
				GENERATE_INFOPLIST_FILE = YES;
				INFOPLIST_FILE = "Budget-App/Supporting Files/Info.plist";
				INFOPLIST_KEY_UIApplicationSupportsIndirectInputEvents = YES;
				INFOPLIST_KEY_UILaunchStoryboardName = LaunchScreen;
				INFOPLIST_KEY_UIMainStoryboardFile = Main;
				INFOPLIST_KEY_UISupportedInterfaceOrientations_iPad = "UIInterfaceOrientationPortrait UIInterfaceOrientationPortraitUpsideDown UIInterfaceOrientationLandscapeLeft UIInterfaceOrientationLandscapeRight";
				INFOPLIST_KEY_UISupportedInterfaceOrientations_iPhone = "UIInterfaceOrientationPortrait UIInterfaceOrientationLandscapeLeft UIInterfaceOrientationLandscapeRight";
				LD_RUNPATH_SEARCH_PATHS = (
					"$(inherited)",
					"@executable_path/Frameworks",
				);
				MARKETING_VERSION = 1.0;
				PRODUCT_BUNDLE_IDENTIFIER = "Sahil.Amrut.Agashe.com.Budget-App";
				PRODUCT_NAME = "$(TARGET_NAME)";
				SWIFT_EMIT_LOC_STRINGS = YES;
				SWIFT_VERSION = 5.0;
				TARGETED_DEVICE_FAMILY = "1,2";
			};
			name = Debug;
		};
		8105AC462B582EE900566EA5 /* Release */ = {
			isa = XCBuildConfiguration;
			buildSettings = {
				ASSETCATALOG_COMPILER_APPICON_NAME = AppIcon;
				ASSETCATALOG_COMPILER_GLOBAL_ACCENT_COLOR_NAME = AccentColor;
				CODE_SIGN_STYLE = Automatic;
				CURRENT_PROJECT_VERSION = 1;
				DEVELOPMENT_TEAM = 4CJW76Y9FL;
				GENERATE_INFOPLIST_FILE = YES;
				INFOPLIST_FILE = "Budget-App/Supporting Files/Info.plist";
				INFOPLIST_KEY_UIApplicationSupportsIndirectInputEvents = YES;
				INFOPLIST_KEY_UILaunchStoryboardName = LaunchScreen;
				INFOPLIST_KEY_UIMainStoryboardFile = Main;
				INFOPLIST_KEY_UISupportedInterfaceOrientations_iPad = "UIInterfaceOrientationPortrait UIInterfaceOrientationPortraitUpsideDown UIInterfaceOrientationLandscapeLeft UIInterfaceOrientationLandscapeRight";
				INFOPLIST_KEY_UISupportedInterfaceOrientations_iPhone = "UIInterfaceOrientationPortrait UIInterfaceOrientationLandscapeLeft UIInterfaceOrientationLandscapeRight";
				LD_RUNPATH_SEARCH_PATHS = (
					"$(inherited)",
					"@executable_path/Frameworks",
				);
				MARKETING_VERSION = 1.0;
				PRODUCT_BUNDLE_IDENTIFIER = "Sahil.Amrut.Agashe.com.Budget-App";
				PRODUCT_NAME = "$(TARGET_NAME)";
				SWIFT_EMIT_LOC_STRINGS = YES;
				SWIFT_VERSION = 5.0;
				TARGETED_DEVICE_FAMILY = "1,2";
			};
			name = Release;
		};
/* End XCBuildConfiguration section */

/* Begin XCConfigurationList section */
		8105AC2B2B582EE800566EA5 /* Build configuration list for PBXProject "Budget-App" */ = {
			isa = XCConfigurationList;
			buildConfigurations = (
				8105AC422B582EE900566EA5 /* Debug */,
				8105AC432B582EE900566EA5 /* Release */,
			);
			defaultConfigurationIsVisible = 0;
			defaultConfigurationName = Release;
		};
		8105AC442B582EE900566EA5 /* Build configuration list for PBXNativeTarget "Budget-App" */ = {
			isa = XCConfigurationList;
			buildConfigurations = (
				8105AC452B582EE900566EA5 /* Debug */,
				8105AC462B582EE900566EA5 /* Release */,
			);
			defaultConfigurationIsVisible = 0;
			defaultConfigurationName = Release;
		};
/* End XCConfigurationList section */

/* Begin XCVersionGroup section */
		8105AC4A2B58345400566EA5 /* BudgetModel.xcdatamodeld */ = {
			isa = XCVersionGroup;
			children = (
				8105AC4B2B58345400566EA5 /* BudgetModel.xcdatamodel */,
			);
			currentVersion = 8105AC4B2B58345400566EA5 /* BudgetModel.xcdatamodel */;
			path = BudgetModel.xcdatamodeld;
			sourceTree = "<group>";
			versionGroupType = wrapper.xcdatamodel;
		};
/* End XCVersionGroup section */
	};
	rootObject = 8105AC282B582EE800566EA5 /* Project object */;
}
